
Microsoft Visual Studio Solution File, Format Version 12.00
# Visual Studio 15
VisualStudioVersion = 15.0.28307.757
MinimumVisualStudioVersion = 10.0.40219.1
Project("{9A19103F-16F7-4668-BE54-9A1E7A4F7556}") = "ShoppingList.API", "ShoppingList.API\ShoppingList.API.csproj", "{BB612390-6B8E-4EF8-AC47-BEA84E801457}"
EndProject
Project("{E24C65DC-7377-472B-9ABA-BC803B73C61A}") = "ShoppingList.SPA", "ShoppingList.SPA\", "{58C04D8C-A02E-43C9-B1A0-B708C2A04CF5}"
	ProjectSection(WebsiteProperties) = preProject
		TargetFrameworkMoniker = ".NETFramework,Version%3Dv4.0"
		Debug.AspNetCompiler.VirtualPath = "/localhost_18184"
		Debug.AspNetCompiler.PhysicalPath = "ShoppingList.SPA\"
		Debug.AspNetCompiler.TargetPath = "PrecompiledWeb\localhost_18184\"
		Debug.AspNetCompiler.Updateable = "true"
		Debug.AspNetCompiler.ForceOverwrite = "true"
		Debug.AspNetCompiler.FixedNames = "false"
		Debug.AspNetCompiler.Debug = "True"
		Release.AspNetCompiler.VirtualPath = "/localhost_18184"
		Release.AspNetCompiler.PhysicalPath = "ShoppingList.SPA\"
		Release.AspNetCompiler.TargetPath = "PrecompiledWeb\localhost_18184\"
		Release.AspNetCompiler.Updateable = "true"
		Release.AspNetCompiler.ForceOverwrite = "true"
		Release.AspNetCompiler.FixedNames = "false"
		Release.AspNetCompiler.Debug = "False"
		VWDPort = "18184"
		SlnRelativePath = "ShoppingList.SPA\"
	EndProjectSection
EndProject
Global
	GlobalSection(SolutionConfigurationPlatforms) = preSolution
		Debug|Any CPU = Debug|Any CPU
		Debug|x86 = Debug|x86
		Release|Any CPU = Release|Any CPU
		Release|x86 = Release|x86
	EndGlobalSection
	GlobalSection(ProjectConfigurationPlatforms) = postSolution
		{BB612390-6B8E-4EF8-AC47-BEA84E801457}.Debug|Any CPU.ActiveCfg = Debug|Any CPU
		{BB612390-6B8E-4EF8-AC47-BEA84E801457}.Debug|Any CPU.Build.0 = Debug|Any CPU
		{BB612390-6B8E-4EF8-AC47-BEA84E801457}.Debug|x86.ActiveCfg = Debug|Any CPU
		{BB612390-6B8E-4EF8-AC47-BEA84E801457}.Debug|x86.Build.0 = Debug|Any CPU
		{BB612390-6B8E-4EF8-AC47-BEA84E801457}.Release|Any CPU.ActiveCfg = Release|Any CPU
		{BB612390-6B8E-4EF8-AC47-BEA84E801457}.Release|Any CPU.Build.0 = Release|Any CPU
		{BB612390-6B8E-4EF8-AC47-BEA84E801457}.Release|x86.ActiveCfg = Release|Any CPU
		{BB612390-6B8E-4EF8-AC47-BEA84E801457}.Release|x86.Build.0 = Release|Any CPU
		{58C04D8C-A02E-43C9-B1A0-B708C2A04CF5}.Debug|Any CPU.ActiveCfg = Debug|Any CPU
		{58C04D8C-A02E-43C9-B1A0-B708C2A04CF5}.Debug|Any CPU.Build.0 = Debug|Any CPU
		{58C04D8C-A02E-43C9-B1A0-B708C2A04CF5}.Debug|x86.ActiveCfg = Debug|Any CPU
		{58C04D8C-A02E-43C9-B1A0-B708C2A04CF5}.Debug|x86.Build.0 = Debug|Any CPU
		{58C04D8C-A02E-43C9-B1A0-B708C2A04CF5}.Release|Any CPU.ActiveCfg = Debug|Any CPU
		{58C04D8C-A02E-43C9-B1A0-B708C2A04CF5}.Release|Any CPU.Build.0 = Debug|Any CPU
		{58C04D8C-A02E-43C9-B1A0-B708C2A04CF5}.Release|x86.ActiveCfg = Debug|Any CPU
		{58C04D8C-A02E-43C9-B1A0-B708C2A04CF5}.Release|x86.Build.0 = Debug|Any CPU
	EndGlobalSection
	GlobalSection(SolutionProperties) = preSolution
		HideSolutionNode = FALSE
	EndGlobalSection
	GlobalSection(ExtensibilityGlobals) = postSolution
		SolutionGuid = {EEDF704B-F8E7-4C51-A472-C4D18257483F}
	EndGlobalSection
EndGlobal
